
Microsoft Visual Studio Solution File, Format Version 12.00
# Visual Studio Version 17
VisualStudioVersion = 17.5.002.0
MinimumVisualStudioVersion = 10.0.40219.1
Project("{2150E333-8FDC-42A3-9474-1A3956D46DE8}") = "backend", "backend", "{125D3CB3-C2C6-4268-B74C-CA0864217DD2}"
EndProject
Project("{9A19103F-16F7-4668-BE54-9A1E7A4F7556}") = "api", "backend\api\api.csproj", "{CACCFC7C-42E9-4EEE-9741-F23BFFDB8136}"
EndProject
Global
	GlobalSection(SolutionConfigurationPlatforms) = preSolution
		Debug|Any CPU = Debug|Any CPU
		Release|Any CPU = Release|Any CPU
	EndGlobalSection
	GlobalSection(ProjectConfigurationPlatforms) = postSolution
		{CACCFC7C-42E9-4EEE-9741-F23BFFDB8136}.Debug|Any CPU.ActiveCfg = Debug|Any CPU
		{CACCFC7C-42E9-4EEE-9741-F23BFFDB8136}.Debug|Any CPU.Build.0 = Debug|Any CPU
		{CACCFC7C-42E9-4EEE-9741-F23BFFDB8136}.Release|Any CPU.ActiveCfg = Release|Any CPU
		{CACCFC7C-42E9-4EEE-9741-F23BFFDB8136}.Release|Any CPU.Build.0 = Release|Any CPU
	EndGlobalSection
	GlobalSection(SolutionProperties) = preSolution
		HideSolutionNode = FALSE
	EndGlobalSection
	GlobalSection(NestedProjects) = preSolution
		{CACCFC7C-42E9-4EEE-9741-F23BFFDB8136} = {125D3CB3-C2C6-4268-B74C-CA0864217DD2}
	EndGlobalSection
	GlobalSection(ExtensibilityGlobals) = postSolution
		SolutionGuid = {49EAED4C-3F71-475F-A431-51DE1D8FE9CC}
	EndGlobalSection
EndGlobal
